
Microsoft Visual Studio Solution File, Format Version 12.00
# Visual Studio 14
VisualStudioVersion = 14.0.25420.1
MinimumVisualStudioVersion = 10.0.40219.1
Project("{FAE04EC0-301F-11D3-BF4B-00C04F79EFBC}") = "EFTest", "EFTest\EFTest.csproj", "{6E4A1159-19E1-438E-B52E-D1AF25961D03}"
EndProject
Project("{FAE04EC0-301F-11D3-BF4B-00C04F79EFBC}") = "DapperDemo", "DapperDemo\DapperDemo.csproj", "{AD497EFA-8869-4ACE-85E7-62C10DB8107E}"
EndProject
Project("{FAE04EC0-301F-11D3-BF4B-00C04F79EFBC}") = "QuartzTest", "QuartzTest\QuartzTest.csproj", "{ABC08AE0-AA72-4B51-A3ED-4CE27622232E}"
EndProject
Project("{FAE04EC0-301F-11D3-BF4B-00C04F79EFBC}") = "Redis.Con", "Redis.Con\Redis.Con.csproj", "{BA3AD010-5B58-42CA-9056-586DC049FD9F}"
EndProject
Project("{FAE04EC0-301F-11D3-BF4B-00C04F79EFBC}") = "Cacheing", "Cacheing\Cacheing.csproj", "{54A0D08D-AE67-4703-8D55-68C71C79F249}"
EndProject
Project("{FAE04EC0-301F-11D3-BF4B-00C04F79EFBC}") = "UnitTest", "UnitTest\UnitTest.csproj", "{9CE71411-1DBB-46C3-A91E-BD460E53ECF2}"
EndProject
Global
	GlobalSection(SolutionConfigurationPlatforms) = preSolution
		Debug|Any CPU = Debug|Any CPU
		Release|Any CPU = Release|Any CPU
	EndGlobalSection
	GlobalSection(ProjectConfigurationPlatforms) = postSolution
		{6E4A1159-19E1-438E-B52E-D1AF25961D03}.Debug|Any CPU.ActiveCfg = Debug|Any CPU
		{6E4A1159-19E1-438E-B52E-D1AF25961D03}.Debug|Any CPU.Build.0 = Debug|Any CPU
		{6E4A1159-19E1-438E-B52E-D1AF25961D03}.Release|Any CPU.ActiveCfg = Release|Any CPU
		{6E4A1159-19E1-438E-B52E-D1AF25961D03}.Release|Any CPU.Build.0 = Release|Any CPU
		{AD497EFA-8869-4ACE-85E7-62C10DB8107E}.Debug|Any CPU.ActiveCfg = Debug|Any CPU
		{AD497EFA-8869-4ACE-85E7-62C10DB8107E}.Debug|Any CPU.Build.0 = Debug|Any CPU
		{AD497EFA-8869-4ACE-85E7-62C10DB8107E}.Release|Any CPU.ActiveCfg = Release|Any CPU
		{AD497EFA-8869-4ACE-85E7-62C10DB8107E}.Release|Any CPU.Build.0 = Release|Any CPU
		{ABC08AE0-AA72-4B51-A3ED-4CE27622232E}.Debug|Any CPU.ActiveCfg = Debug|Any CPU
		{ABC08AE0-AA72-4B51-A3ED-4CE27622232E}.Debug|Any CPU.Build.0 = Debug|Any CPU
		{ABC08AE0-AA72-4B51-A3ED-4CE27622232E}.Release|Any CPU.ActiveCfg = Release|Any CPU
		{ABC08AE0-AA72-4B51-A3ED-4CE27622232E}.Release|Any CPU.Build.0 = Release|Any CPU
		{BA3AD010-5B58-42CA-9056-586DC049FD9F}.Debug|Any CPU.ActiveCfg = Debug|Any CPU
		{BA3AD010-5B58-42CA-9056-586DC049FD9F}.Debug|Any CPU.Build.0 = Debug|Any CPU
		{BA3AD010-5B58-42CA-9056-586DC049FD9F}.Release|Any CPU.ActiveCfg = Release|Any CPU
		{BA3AD010-5B58-42CA-9056-586DC049FD9F}.Release|Any CPU.Build.0 = Release|Any CPU
		{54A0D08D-AE67-4703-8D55-68C71C79F249}.Debug|Any CPU.ActiveCfg = Debug|Any CPU
		{54A0D08D-AE67-4703-8D55-68C71C79F249}.Debug|Any CPU.Build.0 = Debug|Any CPU
		{54A0D08D-AE67-4703-8D55-68C71C79F249}.Release|Any CPU.ActiveCfg = Release|Any CPU
		{54A0D08D-AE67-4703-8D55-68C71C79F249}.Release|Any CPU.Build.0 = Release|Any CPU
		{9CE71411-1DBB-46C3-A91E-BD460E53ECF2}.Debug|Any CPU.ActiveCfg = Debug|Any CPU
		{9CE71411-1DBB-46C3-A91E-BD460E53ECF2}.Debug|Any CPU.Build.0 = Debug|Any CPU
		{9CE71411-1DBB-46C3-A91E-BD460E53ECF2}.Release|Any CPU.ActiveCfg = Release|Any CPU
		{9CE71411-1DBB-46C3-A91E-BD460E53ECF2}.Release|Any CPU.Build.0 = Release|Any CPU
	EndGlobalSection
	GlobalSection(SolutionProperties) = preSolution
		HideSolutionNode = FALSE
	EndGlobalSection
EndGlobal
